
Microsoft Visual Studio Solution File, Format Version 12.00
# Visual Studio 15
VisualStudioVersion = 15.0.27703.2047
MinimumVisualStudioVersion = 10.0.40219.1
Project("{FAE04EC0-301F-11D3-BF4B-00C04F79EFBC}") = "KindleLiteratuhr", "KindleLiteratuhr\KindleLiteratuhr.csproj", "{1716AB93-038A-45E0-B282-735115F0C510}"
EndProject
Global
	GlobalSection(SolutionConfigurationPlatforms) = preSolution
		Debug|Any CPU = Debug|Any CPU
		Release|Any CPU = Release|Any CPU
	EndGlobalSection
	GlobalSection(ProjectConfigurationPlatforms) = postSolution
		{1716AB93-038A-45E0-B282-735115F0C510}.Debug|Any CPU.ActiveCfg = Debug|Any CPU
		{1716AB93-038A-45E0-B282-735115F0C510}.Debug|Any CPU.Build.0 = Debug|Any CPU
		{1716AB93-038A-45E0-B282-735115F0C510}.Release|Any CPU.ActiveCfg = Release|Any CPU
		{1716AB93-038A-45E0-B282-735115F0C510}.Release|Any CPU.Build.0 = Release|Any CPU
	EndGlobalSection
	GlobalSection(SolutionProperties) = preSolution
		HideSolutionNode = FALSE
	EndGlobalSection
	GlobalSection(ExtensibilityGlobals) = postSolution
		SolutionGuid = {8BE99127-58A4-41A2-9DA1-4724ECACC2BD}
	EndGlobalSection
EndGlobal
